
Microsoft Visual Studio Solution File, Format Version 12.00
# Visual Studio Version 17
VisualStudioVersion = 17.3.32825.248
MinimumVisualStudioVersion = 10.0.40219.1
Project("{FAE04EC0-301F-11D3-BF4B-00C04F79EFBC}") = "Regexes", "Regexes\Regexes.csproj", "{0A612663-6114-4592-A62E-373989C18945}"
EndProject
Global
	GlobalSection(SolutionConfigurationPlatforms) = preSolution
		Debug|Any CPU = Debug|Any CPU
		Release|Any CPU = Release|Any CPU
	EndGlobalSection
	GlobalSection(ProjectConfigurationPlatforms) = postSolution
		{0A612663-6114-4592-A62E-373989C18945}.Debug|Any CPU.ActiveCfg = Debug|Any CPU
		{0A612663-6114-4592-A62E-373989C18945}.Debug|Any CPU.Build.0 = Debug|Any CPU
		{0A612663-6114-4592-A62E-373989C18945}.Release|Any CPU.ActiveCfg = Release|Any CPU
		{0A612663-6114-4592-A62E-373989C18945}.Release|Any CPU.Build.0 = Release|Any CPU
	EndGlobalSection
	GlobalSection(SolutionProperties) = preSolution
		HideSolutionNode = FALSE
	EndGlobalSection
	GlobalSection(ExtensibilityGlobals) = postSolution
		SolutionGuid = {CC64F058-23EC-455D-927C-C09D8972A993}
	EndGlobalSection
EndGlobal
